{
  "name": "becycle",
  "version": "1.0.0",
  "lockfileVersion": 1,
  "requires": true,
  "dependencies": {
    "corenav": {
      "version": "1.1.3",
      "resolved": "https://registry.npmjs.org/corenav/-/corenav-1.1.3.tgz",
      "integrity": "sha512-S1i+scJ62xccp9ZcJusjv7GbLsF1O4fQFWxX8QHFSj1gNXFekIno0RLmngSQ8lke/fYy+eZLkAIGj1NEX2Of5A=="
    },
    "counterup2": {
      "version": "1.0.4",
      "resolved": "https://registry.npmjs.org/counterup2/-/counterup2-1.0.4.tgz",
      "integrity": "sha512-OXPt4cFxxC6g9J9r59cIwsZfTkXaR8eMVxUY2P6yviFclsx3QRbYtfqwtCb0a/Dz2y2ATy7hnpV4Y1LQsfurwQ=="
    },
    "jquery": {
      "version": "3.3.1",
      "resolved": "https://registry.npmjs.org/jquery/-/jquery-3.3.1.tgz",
      "integrity": "sha512-Ubldcmxp5np52/ENotGxlLe6aGMvmF4R8S6tZjsP6Knsaxd/xp3Zrh50cG93lR6nPXyUFwzN3ZSOQI0wRJNdGg=="
    },
    "rellax": {
      "version": "1.7.2",
      "resolved": "https://registry.npmjs.org/rellax/-/rellax-1.7.2.tgz",
      "integrity": "sha512-4/q777omp87RakCEkV/+UtPfewZC6AfHDFJEM9tDkmyAj/Y5ia/hf41d2b5p8vr9k/ozjqnxt8tny4kCeTPhzA=="
    },
    "waypoints": {
      "version": "4.0.1",
      "resolved": "https://registry.npmjs.org/waypoints/-/waypoints-4.0.1.tgz",
      "integrity": "sha1-CZeaBXOBCylifLpDZqKEoGLsacg="
    }
  }
}
